{
  "name": "evan-form",
  "version": "1.0.0",
  "lockfileVersion": 1,
  "requires": true,
  "dependencies": {
    "async-validator": {
      "version": "3.2.3",
      "resolved": "https://registry.npmjs.org/async-validator/-/async-validator-3.2.3.tgz",
      "integrity": "sha512-yMJ4i3x5qEGVgEMowZiBkx+rjDrsXf64BWdHENCtHLgyPiEE+2r8jvqMF1cghCgdGo4sWVLJ7MDwPQgGSPDCcw=="
    }
  }
}
